
Microsoft Visual Studio Solution File, Format Version 12.00
# Visual Studio Version 17
VisualStudioVersion = 17.3.32929.385
MinimumVisualStudioVersion = 10.0.40219.1
Project("{FAE04EC0-301F-11D3-BF4B-00C04F79EFBC}") = "Exam24", "Exam24\Exam24.csproj", "{D5A79B91-F2EF-49DA-ACF0-F2FB262842A0}"
EndProject
Global
	GlobalSection(SolutionConfigurationPlatforms) = preSolution
		Debug|Any CPU = Debug|Any CPU
		Release|Any CPU = Release|Any CPU
	EndGlobalSection
	GlobalSection(ProjectConfigurationPlatforms) = postSolution
		{D5A79B91-F2EF-49DA-ACF0-F2FB262842A0}.Debug|Any CPU.ActiveCfg = Debug|Any CPU
		{D5A79B91-F2EF-49DA-ACF0-F2FB262842A0}.Debug|Any CPU.Build.0 = Debug|Any CPU
		{D5A79B91-F2EF-49DA-ACF0-F2FB262842A0}.Release|Any CPU.ActiveCfg = Release|Any CPU
		{D5A79B91-F2EF-49DA-ACF0-F2FB262842A0}.Release|Any CPU.Build.0 = Release|Any CPU
	EndGlobalSection
	GlobalSection(SolutionProperties) = preSolution
		HideSolutionNode = FALSE
	EndGlobalSection
	GlobalSection(ExtensibilityGlobals) = postSolution
		SolutionGuid = {8311F28A-2FD7-4905-BB5C-93641C240774}
	EndGlobalSection
EndGlobal
